
Microsoft Visual Studio Solution File, Format Version 12.00
# Visual Studio Version 17
VisualStudioVersion = 17.6.33712.159
MinimumVisualStudioVersion = 10.0.40219.1
Project("{FAE04EC0-301F-11D3-BF4B-00C04F79EFBC}") = "TestWithHedgehogs(TestTaskForAdmixer)", "TestWithHedgehogs(TestTaskForAdmixer)\TestWithHedgehogs(TestTaskForAdmixer).csproj", "{07206E88-DA68-4C61-8683-5EB6F442C326}"
EndProject
Global
	GlobalSection(SolutionConfigurationPlatforms) = preSolution
		Debug|Any CPU = Debug|Any CPU
		Release|Any CPU = Release|Any CPU
	EndGlobalSection
	GlobalSection(ProjectConfigurationPlatforms) = postSolution
		{07206E88-DA68-4C61-8683-5EB6F442C326}.Debug|Any CPU.ActiveCfg = Debug|Any CPU
		{07206E88-DA68-4C61-8683-5EB6F442C326}.Debug|Any CPU.Build.0 = Debug|Any CPU
		{07206E88-DA68-4C61-8683-5EB6F442C326}.Release|Any CPU.ActiveCfg = Release|Any CPU
		{07206E88-DA68-4C61-8683-5EB6F442C326}.Release|Any CPU.Build.0 = Release|Any CPU
	EndGlobalSection
	GlobalSection(SolutionProperties) = preSolution
		HideSolutionNode = FALSE
	EndGlobalSection
	GlobalSection(ExtensibilityGlobals) = postSolution
		SolutionGuid = {E1867CC1-8C53-4D10-9F12-77EA183F46EA}
	EndGlobalSection
EndGlobal
